
Microsoft Visual Studio Solution File, Format Version 12.00
Project("{FAE04EC0-301F-11D3-BF4B-00C04F79EFBC}") = "Yumsy-Backend", "Yumsy-Backend\Yumsy-Backend.csproj", "{4CA4AE49-0DE4-4252-926A-8D01DC522E12}"
EndProject
Global
	GlobalSection(SolutionConfigurationPlatforms) = preSolution
		Debug|Any CPU = Debug|Any CPU
		Release|Any CPU = Release|Any CPU
	EndGlobalSection
	GlobalSection(ProjectConfigurationPlatforms) = postSolution
		{4CA4AE49-0DE4-4252-926A-8D01DC522E12}.Debug|Any CPU.ActiveCfg = Debug|Any CPU
		{4CA4AE49-0DE4-4252-926A-8D01DC522E12}.Debug|Any CPU.Build.0 = Debug|Any CPU
		{4CA4AE49-0DE4-4252-926A-8D01DC522E12}.Release|Any CPU.ActiveCfg = Release|Any CPU
		{4CA4AE49-0DE4-4252-926A-8D01DC522E12}.Release|Any CPU.Build.0 = Release|Any CPU
	EndGlobalSection
EndGlobal
